
Microsoft Visual Studio Solution File, Format Version 12.00
# Visual Studio Version 16
VisualStudioVersion = 16.0.32929.386
MinimumVisualStudioVersion = 10.0.40219.1
Project("{FAE04EC0-301F-11D3-BF4B-00C04F79EFBC}") = "WpfApp1", "WpfApp1\WpfApp1.csproj", "{EF7A1892-C3CE-40B0-A062-E1106A20921B}"
EndProject
Global
	GlobalSection(SolutionConfigurationPlatforms) = preSolution
		Debug|Any CPU = Debug|Any CPU
		Release|Any CPU = Release|Any CPU
	EndGlobalSection
	GlobalSection(ProjectConfigurationPlatforms) = postSolution
		{EF7A1892-C3CE-40B0-A062-E1106A20921B}.Debug|Any CPU.ActiveCfg = Debug|Any CPU
		{EF7A1892-C3CE-40B0-A062-E1106A20921B}.Debug|Any CPU.Build.0 = Debug|Any CPU
		{EF7A1892-C3CE-40B0-A062-E1106A20921B}.Release|Any CPU.ActiveCfg = Release|Any CPU
		{EF7A1892-C3CE-40B0-A062-E1106A20921B}.Release|Any CPU.Build.0 = Release|Any CPU
	EndGlobalSection
	GlobalSection(SolutionProperties) = preSolution
		HideSolutionNode = FALSE
	EndGlobalSection
	GlobalSection(ExtensibilityGlobals) = postSolution
		SolutionGuid = {713AAD00-D05B-4DC8-9F37-3349E66581AD}
	EndGlobalSection
EndGlobal
